
Microsoft Visual Studio Solution File, Format Version 12.00
# Visual Studio Version 17
VisualStudioVersion = 17.14.36623.8
MinimumVisualStudioVersion = 10.0.40219.1
Project("{2150E333-8FDC-42A3-9474-1A3956D46DE8}") = "Chapter00", "Chapter00", "{DDB4EF12-CC4E-5E88-E6FC-71A802F4DE97}"
EndProject
Project("{FAE04EC0-301F-11D3-BF4B-00C04F79EFBC}") = "Sample0416", "Chapter00\Sample0416\Sample0416.csproj", "{83B0E0B6-F1FC-4F15-B7CC-CD9DA8BC950A}"
EndProject
Project("{FAE04EC0-301F-11D3-BF4B-00C04F79EFBC}") = "sample0415", "Chapter00\Sample0415\sample0415\sample0415.csproj", "{D0F00D84-AD20-C5D6-67FE-85D6CB59A7CE}"
EndProject
Project("{FAE04EC0-301F-11D3-BF4B-00C04F79EFBC}") = "Sample0413", "Chapter00\Sample0413\Sample0413\Sample0413.csproj", "{EB11C1AF-3BBE-9D8B-B13B-CEF382F22312}"
EndProject
Project("{2150E333-8FDC-42A3-9474-1A3956D46DE8}") = "Chapter01", "Chapter01", "{C07898A4-54CC-47F2-B754-0E943B0B1A54}"
EndProject
Project("{2150E333-8FDC-42A3-9474-1A3956D46DE8}") = "Chapter02", "Chapter02", "{55D3F2BA-009A-4526-B651-DA33DC35FB9C}"
EndProject
Project("{2150E333-8FDC-42A3-9474-1A3956D46DE8}") = "距離換算プログラム", "距離換算プログラム", "{E35E02E1-5448-45C5-BBD0-031FABC3C5F0}"
EndProject
Project("{FAE04EC0-301F-11D3-BF4B-00C04F79EFBC}") = "DistanceConverter", "Chapter02\距離換算プログラム\DistanceConverter\DistanceConverter.csproj", "{CD1B581B-DE8E-41D8-8490-3DBC065A3F06}"
EndProject
Project("{2150E333-8FDC-42A3-9474-1A3956D46DE8}") = "chapter04", "chapter04", "{3142795D-93F9-4F62-A67B-09E93F9343F7}"
EndProject
Project("{2150E333-8FDC-42A3-9474-1A3956D46DE8}") = "p108_文字列を数値に変換する", "p108_文字列を数値に変換する", "{56B13457-A491-4840-8EE8-19D800C28B96}"
EndProject
Project("{FAE04EC0-301F-11D3-BF4B-00C04F79EFBC}") = "Code4_36", "Chapter04\文字列を数値に変換する\Code4_36\Code4_36.csproj", "{D3E46EAD-8174-41E7-919E-55FAE62025ED}"
EndProject
Project("{2150E333-8FDC-42A3-9474-1A3956D46DE8}") = "売り上げ集計プログラム", "売り上げ集計プログラム", "{6A38DD80-BBD1-44E0-98CE-FCA1D364A620}"
EndProject
Project("{FAE04EC0-301F-11D3-BF4B-00C04F79EFBC}") = "SalesCalculator", "Chapter02\売り上げ集計プログラム\SalesCalculator\SalesCalculator.csproj", "{594FEAE5-5B39-4E28-BDA6-DF7C6DFB3496}"
EndProject
Global
	GlobalSection(SolutionConfigurationPlatforms) = preSolution
		Debug|Any CPU = Debug|Any CPU
		Release|Any CPU = Release|Any CPU
	EndGlobalSection
	GlobalSection(ProjectConfigurationPlatforms) = postSolution
		{83B0E0B6-F1FC-4F15-B7CC-CD9DA8BC950A}.Debug|Any CPU.ActiveCfg = Debug|Any CPU
		{83B0E0B6-F1FC-4F15-B7CC-CD9DA8BC950A}.Debug|Any CPU.Build.0 = Debug|Any CPU
		{83B0E0B6-F1FC-4F15-B7CC-CD9DA8BC950A}.Release|Any CPU.ActiveCfg = Release|Any CPU
		{83B0E0B6-F1FC-4F15-B7CC-CD9DA8BC950A}.Release|Any CPU.Build.0 = Release|Any CPU
		{D0F00D84-AD20-C5D6-67FE-85D6CB59A7CE}.Debug|Any CPU.ActiveCfg = Debug|Any CPU
		{D0F00D84-AD20-C5D6-67FE-85D6CB59A7CE}.Debug|Any CPU.Build.0 = Debug|Any CPU
		{D0F00D84-AD20-C5D6-67FE-85D6CB59A7CE}.Release|Any CPU.ActiveCfg = Release|Any CPU
		{D0F00D84-AD20-C5D6-67FE-85D6CB59A7CE}.Release|Any CPU.Build.0 = Release|Any CPU
		{EB11C1AF-3BBE-9D8B-B13B-CEF382F22312}.Debug|Any CPU.ActiveCfg = Debug|Any CPU
		{EB11C1AF-3BBE-9D8B-B13B-CEF382F22312}.Debug|Any CPU.Build.0 = Debug|Any CPU
		{EB11C1AF-3BBE-9D8B-B13B-CEF382F22312}.Release|Any CPU.ActiveCfg = Release|Any CPU
		{EB11C1AF-3BBE-9D8B-B13B-CEF382F22312}.Release|Any CPU.Build.0 = Release|Any CPU
		{CD1B581B-DE8E-41D8-8490-3DBC065A3F06}.Debug|Any CPU.ActiveCfg = Debug|Any CPU
		{CD1B581B-DE8E-41D8-8490-3DBC065A3F06}.Debug|Any CPU.Build.0 = Debug|Any CPU
		{CD1B581B-DE8E-41D8-8490-3DBC065A3F06}.Release|Any CPU.ActiveCfg = Release|Any CPU
		{CD1B581B-DE8E-41D8-8490-3DBC065A3F06}.Release|Any CPU.Build.0 = Release|Any CPU
		{D3E46EAD-8174-41E7-919E-55FAE62025ED}.Debug|Any CPU.ActiveCfg = Debug|Any CPU
		{D3E46EAD-8174-41E7-919E-55FAE62025ED}.Debug|Any CPU.Build.0 = Debug|Any CPU
		{D3E46EAD-8174-41E7-919E-55FAE62025ED}.Release|Any CPU.ActiveCfg = Release|Any CPU
		{D3E46EAD-8174-41E7-919E-55FAE62025ED}.Release|Any CPU.Build.0 = Release|Any CPU
		{594FEAE5-5B39-4E28-BDA6-DF7C6DFB3496}.Debug|Any CPU.ActiveCfg = Debug|Any CPU
		{594FEAE5-5B39-4E28-BDA6-DF7C6DFB3496}.Debug|Any CPU.Build.0 = Debug|Any CPU
		{594FEAE5-5B39-4E28-BDA6-DF7C6DFB3496}.Release|Any CPU.ActiveCfg = Release|Any CPU
		{594FEAE5-5B39-4E28-BDA6-DF7C6DFB3496}.Release|Any CPU.Build.0 = Release|Any CPU
	EndGlobalSection
	GlobalSection(SolutionProperties) = preSolution
		HideSolutionNode = FALSE
	EndGlobalSection
	GlobalSection(NestedProjects) = preSolution
		{83B0E0B6-F1FC-4F15-B7CC-CD9DA8BC950A} = {DDB4EF12-CC4E-5E88-E6FC-71A802F4DE97}
		{D0F00D84-AD20-C5D6-67FE-85D6CB59A7CE} = {DDB4EF12-CC4E-5E88-E6FC-71A802F4DE97}
		{EB11C1AF-3BBE-9D8B-B13B-CEF382F22312} = {DDB4EF12-CC4E-5E88-E6FC-71A802F4DE97}
		{E35E02E1-5448-45C5-BBD0-031FABC3C5F0} = {55D3F2BA-009A-4526-B651-DA33DC35FB9C}
		{CD1B581B-DE8E-41D8-8490-3DBC065A3F06} = {E35E02E1-5448-45C5-BBD0-031FABC3C5F0}
		{56B13457-A491-4840-8EE8-19D800C28B96} = {3142795D-93F9-4F62-A67B-09E93F9343F7}
		{D3E46EAD-8174-41E7-919E-55FAE62025ED} = {56B13457-A491-4840-8EE8-19D800C28B96}
		{6A38DD80-BBD1-44E0-98CE-FCA1D364A620} = {55D3F2BA-009A-4526-B651-DA33DC35FB9C}
		{594FEAE5-5B39-4E28-BDA6-DF7C6DFB3496} = {6A38DD80-BBD1-44E0-98CE-FCA1D364A620}
	EndGlobalSection
	GlobalSection(ExtensibilityGlobals) = postSolution
		SolutionGuid = {903D2D6F-C61E-4974-9946-3F19847E1CDF}
	EndGlobalSection
EndGlobal
