
Microsoft Visual Studio Solution File, Format Version 12.00
# Visual Studio Version 17
VisualStudioVersion = 17.14.36623.8
MinimumVisualStudioVersion = 10.0.40219.1
Project("{2150E333-8FDC-42A3-9474-1A3956D46DE8}") = "Chapter00", "Chapter00", "{DDB4EF12-CC4E-5E88-E6FC-71A802F4DE97}"
EndProject
Project("{FAE04EC0-301F-11D3-BF4B-00C04F79EFBC}") = "Sample0416", "Chapter00\Sample0416\Sample0416.csproj", "{83B0E0B6-F1FC-4F15-B7CC-CD9DA8BC950A}"
EndProject
Project("{FAE04EC0-301F-11D3-BF4B-00C04F79EFBC}") = "sample0415", "Chapter00\Sample0415\sample0415\sample0415.csproj", "{D0F00D84-AD20-C5D6-67FE-85D6CB59A7CE}"
EndProject
Project("{FAE04EC0-301F-11D3-BF4B-00C04F79EFBC}") = "Sample0413", "Chapter00\Sample0413\Sample0413\Sample0413.csproj", "{EB11C1AF-3BBE-9D8B-B13B-CEF382F22312}"
EndProject
Project("{2150E333-8FDC-42A3-9474-1A3956D46DE8}") = "Chapter01", "Chapter01", "{C07898A4-54CC-47F2-B754-0E943B0B1A54}"
EndProject
Project("{2150E333-8FDC-42A3-9474-1A3956D46DE8}") = "Chapter02", "Chapter02", "{55D3F2BA-009A-4526-B651-DA33DC35FB9C}"
EndProject
Project("{2150E333-8FDC-42A3-9474-1A3956D46DE8}") = "距離換算プログラム", "距離換算プログラム", "{E35E02E1-5448-45C5-BBD0-031FABC3C5F0}"
EndProject
Project("{FAE04EC0-301F-11D3-BF4B-00C04F79EFBC}") = "DistanceConverter", "Chapter02\距離換算プログラム\DistanceConverter\DistanceConverter.csproj", "{CD1B581B-DE8E-41D8-8490-3DBC065A3F06}"
EndProject
Project("{2150E333-8FDC-42A3-9474-1A3956D46DE8}") = "chapter04", "chapter04", "{3142795D-93F9-4F62-A67B-09E93F9343F7}"
EndProject
Project("{2150E333-8FDC-42A3-9474-1A3956D46DE8}") = "p108_文字列を数値に変換する", "p108_文字列を数値に変換する", "{56B13457-A491-4840-8EE8-19D800C28B96}"
EndProject
Project("{FAE04EC0-301F-11D3-BF4B-00C04F79EFBC}") = "Code4_36", "Chapter04\文字列を数値に変換する\Code4_36\Code4_36.csproj", "{D3E46EAD-8174-41E7-919E-55FAE62025ED}"
EndProject
Project("{2150E333-8FDC-42A3-9474-1A3956D46DE8}") = "売り上げ集計プログラム", "売り上げ集計プログラム", "{6A38DD80-BBD1-44E0-98CE-FCA1D364A620}"
EndProject
Project("{FAE04EC0-301F-11D3-BF4B-00C04F79EFBC}") = "SalesCalculator", "Chapter02\売り上げ集計プログラム\SalesCalculator\SalesCalculator.csproj", "{12B7E09E-9475-E8B4-3992-D8EDE30920DA}"
EndProject
Project("{2150E333-8FDC-42A3-9474-1A3956D46DE8}") = "演習問題", "演習問題", "{223A2247-DDEB-4D9C-904D-4ADA5D3AE003}"
EndProject
Project("{FAE04EC0-301F-11D3-BF4B-00C04F79EFBC}") = "Exercise01", "Chapter02\演習問題\Exercise01\Exercise01.csproj", "{FAE68091-C5ED-46A7-B30C-0FF81556BC9A}"
EndProject
Project("{FAE04EC0-301F-11D3-BF4B-00C04F79EFBC}") = "Exercise02", "Chapter02\演習問題\Exercise02\Exercise02.csproj", "{D2E67FC8-2BB9-4AA5-8A1E-CB0E992E3A00}"
EndProject
Project("{2150E333-8FDC-42A3-9474-1A3956D46DE8}") = "Chapter03", "Chapter03", "{80850FC6-4B2F-4ED8-8606-DE930F6B90F0}"
EndProject
Project("{2150E333-8FDC-42A3-9474-1A3956D46DE8}") = "ラムダ式とLINQ", "ラムダ式とLINQ", "{DF08EF6B-5CCC-4EE4-AF9C-7230FAA93FDA}"
EndProject
Project("{FAE04EC0-301F-11D3-BF4B-00C04F79EFBC}") = "Section01", "Chapter03\ラムダ式とLINQ\Section01\Section01.csproj", "{87FC89AA-5DBB-4B4D-8128-16959C64F4F9}"
EndProject
Project("{2150E333-8FDC-42A3-9474-1A3956D46DE8}") = "演習問題", "演習問題", "{B9F86476-B001-4FC4-A867-072A36C8A315}"
EndProject
Project("{FAE04EC0-301F-11D3-BF4B-00C04F79EFBC}") = "Section04", "Chapter03\ラムダ式とLINQ\Section04\Section04.csproj", "{593D473D-6DC2-66C1-6204-0F54E4617145}"
EndProject
Project("{FAE04EC0-301F-11D3-BF4B-00C04F79EFBC}") = "Exercise01", "Chapter03\演習問題\Exercise01\Exercise01.csproj", "{AFFF67E9-7AD0-9E21-612E-3E7843A6226A}"
EndProject
Project("{FAE04EC0-301F-11D3-BF4B-00C04F79EFBC}") = "Exercise02", "Chapter03\演習問題\Exercise02\Exercise02.csproj", "{9661600F-9E2E-EC39-AFA2-64DBC15CE967}"
EndProject
Project("{2150E333-8FDC-42A3-9474-1A3956D46DE8}") = "p098_nullに関するイディオム", "p098_nullに関するイディオム", "{CFB9A9B9-8EE4-42D5-8DA0-510E4AF9FC66}"
EndProject
Project("{FAE04EC0-301F-11D3-BF4B-00C04F79EFBC}") = "Section04", "Chapter04\nullに関するイディオム\Section04\Section04.csproj", "{CB400BD4-078E-471B-B2F6-624CA4E06612}"
EndProject
Project("{2150E333-8FDC-42A3-9474-1A3956D46DE8}") = "演習問題", "演習問題", "{718031B1-AE3B-4FA1-9F45-46E42E39E7FE}"
EndProject
Project("{FAE04EC0-301F-11D3-BF4B-00C04F79EFBC}") = "Exercise01", "Chapter04\演習問題\Exercise01\Exercise01.csproj", "{BFC19A1C-F21A-44DE-9C3E-FB622F7AE179}"
EndProject
Project("{FAE04EC0-301F-11D3-BF4B-00C04F79EFBC}") = "Exercise02", "Chapter04\演習問題\Exercise02\Exercise02.csproj", "{C1D63E63-E64B-FCB7-4276-5EBCB0FEC291}"
EndProject
Project("{2150E333-8FDC-42A3-9474-1A3956D46DE8}") = "Chapter05", "Chapter05", "{3B13D0F0-A769-4AF2-B03A-29D3F03D11BE}"
EndProject
Project("{2150E333-8FDC-42A3-9474-1A3956D46DE8}") = "プロパティに関するイディオム", "プロパティに関するイディオム", "{C744D568-8491-4CE5-A456-C3178720524C}"
EndProject
Project("{FAE04EC0-301F-11D3-BF4B-00C04F79EFBC}") = "Section01", "Chapter05\プロパティに関するイディオム\Section01\Section01.csproj", "{D9C13AC3-BD16-4B23-B3F8-9B368903BD55}"
EndProject
Project("{2150E333-8FDC-42A3-9474-1A3956D46DE8}") = "メソッドに関するイディオム", "メソッドに関するイディオム", "{423BB805-C294-473C-B858-67A183925F64}"
EndProject
Project("{FAE04EC0-301F-11D3-BF4B-00C04F79EFBC}") = "Section02", "Chapter05\メソッドに関するイディオム\Section02\Section02.csproj", "{569C3E5C-4A67-4C3A-888C-47DE37ADA30F}"
EndProject
Project("{2150E333-8FDC-42A3-9474-1A3956D46DE8}") = "演習問題", "演習問題", "{154B7CA0-EFD7-40E3-810A-1A961683E6AA}"
EndProject
Project("{FAE04EC0-301F-11D3-BF4B-00C04F79EFBC}") = "Exercise01", "Chapter05\演習問題\Exercise01\Exercise01.csproj", "{05FC1B65-A07A-4BD4-A102-4FB87D592D66}"
EndProject
Project("{FAE04EC0-301F-11D3-BF4B-00C04F79EFBC}") = "Exercise02", "Chapter05\演習問題\Exercise02\Exercise02.csproj", "{A3ACA33D-6226-7668-2993-2FC9EA8C783B}"
EndProject
Project("{FAE04EC0-301F-11D3-BF4B-00C04F79EFBC}") = "Exercise03", "Chapter05\演習問題\Exercise03\Exercise03.csproj", "{40815790-350E-42F9-B751-BCEE49578235}"
EndProject
Project("{2150E333-8FDC-42A3-9474-1A3956D46DE8}") = "Chapter06", "Chapter06", "{3F560BA1-F59A-49DC-B854-E5780122F92F}"
EndProject
Project("{2150E333-8FDC-42A3-9474-1A3956D46DE8}") = "文字列の比較", "文字列の比較", "{6ADB0B71-619C-4788-8D7D-E62DEA5EC46E}"
EndProject
Project("{FAE04EC0-301F-11D3-BF4B-00C04F79EFBC}") = "Section01", "Chapter06\文字列の比較\Section01\Section01.csproj", "{5F5283DA-774A-489E-841E-61B5D2F42FC0}"
EndProject
Project("{2150E333-8FDC-42A3-9474-1A3956D46DE8}") = "演習問題", "演習問題", "{30D10ED0-0320-4896-8031-88ED5BAE8DC5}"
EndProject
Project("{FAE04EC0-301F-11D3-BF4B-00C04F79EFBC}") = "Exercise01", "Chapter06\演習問題\Exercise01\Exercise01.csproj", "{B5025803-550F-2718-0B4A-39867A675BF8}"
EndProject
Project("{FAE04EC0-301F-11D3-BF4B-00C04F79EFBC}") = "Exercise02", "Chapter06\演習問題\Exercise02\Exercise02.csproj", "{9605B4B8-0A34-BDE4-CFD2-F49073E3B9EF}"
EndProject
Project("{FAE04EC0-301F-11D3-BF4B-00C04F79EFBC}") = "Exercise03", "Chapter06\演習問題\Exercise03\Exercise03.csproj", "{766DC129-B7E6-6BE5-67FF-02794A6C9D6A}"
EndProject
Project("{2150E333-8FDC-42A3-9474-1A3956D46DE8}") = "文字列の連結と分割", "文字列の連結と分割", "{DC542D5B-1996-470E-8E3F-5F4ACEA07AFD}"
EndProject
Project("{FAE04EC0-301F-11D3-BF4B-00C04F79EFBC}") = "Section05", "Chapter06\文字列の連結と分割\Section05\Section05.csproj", "{FAB1CBE0-9419-4AC0-95FB-E36298493256}"
EndProject
Global
	GlobalSection(SolutionConfigurationPlatforms) = preSolution
		Debug|Any CPU = Debug|Any CPU
		Release|Any CPU = Release|Any CPU
	EndGlobalSection
	GlobalSection(ProjectConfigurationPlatforms) = postSolution
		{83B0E0B6-F1FC-4F15-B7CC-CD9DA8BC950A}.Debug|Any CPU.ActiveCfg = Debug|Any CPU
		{83B0E0B6-F1FC-4F15-B7CC-CD9DA8BC950A}.Debug|Any CPU.Build.0 = Debug|Any CPU
		{83B0E0B6-F1FC-4F15-B7CC-CD9DA8BC950A}.Release|Any CPU.ActiveCfg = Release|Any CPU
		{83B0E0B6-F1FC-4F15-B7CC-CD9DA8BC950A}.Release|Any CPU.Build.0 = Release|Any CPU
		{D0F00D84-AD20-C5D6-67FE-85D6CB59A7CE}.Debug|Any CPU.ActiveCfg = Debug|Any CPU
		{D0F00D84-AD20-C5D6-67FE-85D6CB59A7CE}.Debug|Any CPU.Build.0 = Debug|Any CPU
		{D0F00D84-AD20-C5D6-67FE-85D6CB59A7CE}.Release|Any CPU.ActiveCfg = Release|Any CPU
		{D0F00D84-AD20-C5D6-67FE-85D6CB59A7CE}.Release|Any CPU.Build.0 = Release|Any CPU
		{EB11C1AF-3BBE-9D8B-B13B-CEF382F22312}.Debug|Any CPU.ActiveCfg = Debug|Any CPU
		{EB11C1AF-3BBE-9D8B-B13B-CEF382F22312}.Debug|Any CPU.Build.0 = Debug|Any CPU
		{EB11C1AF-3BBE-9D8B-B13B-CEF382F22312}.Release|Any CPU.ActiveCfg = Release|Any CPU
		{EB11C1AF-3BBE-9D8B-B13B-CEF382F22312}.Release|Any CPU.Build.0 = Release|Any CPU
		{CD1B581B-DE8E-41D8-8490-3DBC065A3F06}.Debug|Any CPU.ActiveCfg = Debug|Any CPU
		{CD1B581B-DE8E-41D8-8490-3DBC065A3F06}.Debug|Any CPU.Build.0 = Debug|Any CPU
		{CD1B581B-DE8E-41D8-8490-3DBC065A3F06}.Release|Any CPU.ActiveCfg = Release|Any CPU
		{CD1B581B-DE8E-41D8-8490-3DBC065A3F06}.Release|Any CPU.Build.0 = Release|Any CPU
		{D3E46EAD-8174-41E7-919E-55FAE62025ED}.Debug|Any CPU.ActiveCfg = Debug|Any CPU
		{D3E46EAD-8174-41E7-919E-55FAE62025ED}.Debug|Any CPU.Build.0 = Debug|Any CPU
		{D3E46EAD-8174-41E7-919E-55FAE62025ED}.Release|Any CPU.ActiveCfg = Release|Any CPU
		{D3E46EAD-8174-41E7-919E-55FAE62025ED}.Release|Any CPU.Build.0 = Release|Any CPU
		{12B7E09E-9475-E8B4-3992-D8EDE30920DA}.Debug|Any CPU.ActiveCfg = Debug|Any CPU
		{12B7E09E-9475-E8B4-3992-D8EDE30920DA}.Debug|Any CPU.Build.0 = Debug|Any CPU
		{12B7E09E-9475-E8B4-3992-D8EDE30920DA}.Release|Any CPU.ActiveCfg = Release|Any CPU
		{12B7E09E-9475-E8B4-3992-D8EDE30920DA}.Release|Any CPU.Build.0 = Release|Any CPU
		{FAE68091-C5ED-46A7-B30C-0FF81556BC9A}.Debug|Any CPU.ActiveCfg = Debug|Any CPU
		{FAE68091-C5ED-46A7-B30C-0FF81556BC9A}.Debug|Any CPU.Build.0 = Debug|Any CPU
		{FAE68091-C5ED-46A7-B30C-0FF81556BC9A}.Release|Any CPU.ActiveCfg = Release|Any CPU
		{FAE68091-C5ED-46A7-B30C-0FF81556BC9A}.Release|Any CPU.Build.0 = Release|Any CPU
		{D2E67FC8-2BB9-4AA5-8A1E-CB0E992E3A00}.Debug|Any CPU.ActiveCfg = Debug|Any CPU
		{D2E67FC8-2BB9-4AA5-8A1E-CB0E992E3A00}.Debug|Any CPU.Build.0 = Debug|Any CPU
		{D2E67FC8-2BB9-4AA5-8A1E-CB0E992E3A00}.Release|Any CPU.ActiveCfg = Release|Any CPU
		{D2E67FC8-2BB9-4AA5-8A1E-CB0E992E3A00}.Release|Any CPU.Build.0 = Release|Any CPU
		{87FC89AA-5DBB-4B4D-8128-16959C64F4F9}.Debug|Any CPU.ActiveCfg = Debug|Any CPU
		{87FC89AA-5DBB-4B4D-8128-16959C64F4F9}.Debug|Any CPU.Build.0 = Debug|Any CPU
		{87FC89AA-5DBB-4B4D-8128-16959C64F4F9}.Release|Any CPU.ActiveCfg = Release|Any CPU
		{87FC89AA-5DBB-4B4D-8128-16959C64F4F9}.Release|Any CPU.Build.0 = Release|Any CPU
		{593D473D-6DC2-66C1-6204-0F54E4617145}.Debug|Any CPU.ActiveCfg = Debug|Any CPU
		{593D473D-6DC2-66C1-6204-0F54E4617145}.Debug|Any CPU.Build.0 = Debug|Any CPU
		{593D473D-6DC2-66C1-6204-0F54E4617145}.Release|Any CPU.ActiveCfg = Release|Any CPU
		{593D473D-6DC2-66C1-6204-0F54E4617145}.Release|Any CPU.Build.0 = Release|Any CPU
		{AFFF67E9-7AD0-9E21-612E-3E7843A6226A}.Debug|Any CPU.ActiveCfg = Debug|Any CPU
		{AFFF67E9-7AD0-9E21-612E-3E7843A6226A}.Debug|Any CPU.Build.0 = Debug|Any CPU
		{AFFF67E9-7AD0-9E21-612E-3E7843A6226A}.Release|Any CPU.ActiveCfg = Release|Any CPU
		{AFFF67E9-7AD0-9E21-612E-3E7843A6226A}.Release|Any CPU.Build.0 = Release|Any CPU
		{9661600F-9E2E-EC39-AFA2-64DBC15CE967}.Debug|Any CPU.ActiveCfg = Debug|Any CPU
		{9661600F-9E2E-EC39-AFA2-64DBC15CE967}.Debug|Any CPU.Build.0 = Debug|Any CPU
		{9661600F-9E2E-EC39-AFA2-64DBC15CE967}.Release|Any CPU.ActiveCfg = Release|Any CPU
		{9661600F-9E2E-EC39-AFA2-64DBC15CE967}.Release|Any CPU.Build.0 = Release|Any CPU
		{CB400BD4-078E-471B-B2F6-624CA4E06612}.Debug|Any CPU.ActiveCfg = Debug|Any CPU
		{CB400BD4-078E-471B-B2F6-624CA4E06612}.Debug|Any CPU.Build.0 = Debug|Any CPU
		{CB400BD4-078E-471B-B2F6-624CA4E06612}.Release|Any CPU.ActiveCfg = Release|Any CPU
		{CB400BD4-078E-471B-B2F6-624CA4E06612}.Release|Any CPU.Build.0 = Release|Any CPU
		{BFC19A1C-F21A-44DE-9C3E-FB622F7AE179}.Debug|Any CPU.ActiveCfg = Debug|Any CPU
		{BFC19A1C-F21A-44DE-9C3E-FB622F7AE179}.Debug|Any CPU.Build.0 = Debug|Any CPU
		{BFC19A1C-F21A-44DE-9C3E-FB622F7AE179}.Release|Any CPU.ActiveCfg = Release|Any CPU
		{BFC19A1C-F21A-44DE-9C3E-FB622F7AE179}.Release|Any CPU.Build.0 = Release|Any CPU
		{C1D63E63-E64B-FCB7-4276-5EBCB0FEC291}.Debug|Any CPU.ActiveCfg = Debug|Any CPU
		{C1D63E63-E64B-FCB7-4276-5EBCB0FEC291}.Debug|Any CPU.Build.0 = Debug|Any CPU
		{C1D63E63-E64B-FCB7-4276-5EBCB0FEC291}.Release|Any CPU.ActiveCfg = Release|Any CPU
		{C1D63E63-E64B-FCB7-4276-5EBCB0FEC291}.Release|Any CPU.Build.0 = Release|Any CPU
		{D9C13AC3-BD16-4B23-B3F8-9B368903BD55}.Debug|Any CPU.ActiveCfg = Debug|Any CPU
		{D9C13AC3-BD16-4B23-B3F8-9B368903BD55}.Debug|Any CPU.Build.0 = Debug|Any CPU
		{D9C13AC3-BD16-4B23-B3F8-9B368903BD55}.Release|Any CPU.ActiveCfg = Release|Any CPU
		{D9C13AC3-BD16-4B23-B3F8-9B368903BD55}.Release|Any CPU.Build.0 = Release|Any CPU
		{569C3E5C-4A67-4C3A-888C-47DE37ADA30F}.Debug|Any CPU.ActiveCfg = Debug|Any CPU
		{569C3E5C-4A67-4C3A-888C-47DE37ADA30F}.Debug|Any CPU.Build.0 = Debug|Any CPU
		{569C3E5C-4A67-4C3A-888C-47DE37ADA30F}.Release|Any CPU.ActiveCfg = Release|Any CPU
		{569C3E5C-4A67-4C3A-888C-47DE37ADA30F}.Release|Any CPU.Build.0 = Release|Any CPU
		{05FC1B65-A07A-4BD4-A102-4FB87D592D66}.Debug|Any CPU.ActiveCfg = Debug|Any CPU
		{05FC1B65-A07A-4BD4-A102-4FB87D592D66}.Debug|Any CPU.Build.0 = Debug|Any CPU
		{05FC1B65-A07A-4BD4-A102-4FB87D592D66}.Release|Any CPU.ActiveCfg = Release|Any CPU
		{05FC1B65-A07A-4BD4-A102-4FB87D592D66}.Release|Any CPU.Build.0 = Release|Any CPU
		{A3ACA33D-6226-7668-2993-2FC9EA8C783B}.Debug|Any CPU.ActiveCfg = Debug|Any CPU
		{A3ACA33D-6226-7668-2993-2FC9EA8C783B}.Debug|Any CPU.Build.0 = Debug|Any CPU
		{A3ACA33D-6226-7668-2993-2FC9EA8C783B}.Release|Any CPU.ActiveCfg = Release|Any CPU
		{A3ACA33D-6226-7668-2993-2FC9EA8C783B}.Release|Any CPU.Build.0 = Release|Any CPU
		{40815790-350E-42F9-B751-BCEE49578235}.Debug|Any CPU.ActiveCfg = Debug|Any CPU
		{40815790-350E-42F9-B751-BCEE49578235}.Debug|Any CPU.Build.0 = Debug|Any CPU
		{40815790-350E-42F9-B751-BCEE49578235}.Release|Any CPU.ActiveCfg = Release|Any CPU
		{40815790-350E-42F9-B751-BCEE49578235}.Release|Any CPU.Build.0 = Release|Any CPU
		{5F5283DA-774A-489E-841E-61B5D2F42FC0}.Debug|Any CPU.ActiveCfg = Debug|Any CPU
		{5F5283DA-774A-489E-841E-61B5D2F42FC0}.Debug|Any CPU.Build.0 = Debug|Any CPU
		{5F5283DA-774A-489E-841E-61B5D2F42FC0}.Release|Any CPU.ActiveCfg = Release|Any CPU
		{5F5283DA-774A-489E-841E-61B5D2F42FC0}.Release|Any CPU.Build.0 = Release|Any CPU
		{B5025803-550F-2718-0B4A-39867A675BF8}.Debug|Any CPU.ActiveCfg = Debug|Any CPU
		{B5025803-550F-2718-0B4A-39867A675BF8}.Debug|Any CPU.Build.0 = Debug|Any CPU
		{B5025803-550F-2718-0B4A-39867A675BF8}.Release|Any CPU.ActiveCfg = Release|Any CPU
		{B5025803-550F-2718-0B4A-39867A675BF8}.Release|Any CPU.Build.0 = Release|Any CPU
		{9605B4B8-0A34-BDE4-CFD2-F49073E3B9EF}.Debug|Any CPU.ActiveCfg = Debug|Any CPU
		{9605B4B8-0A34-BDE4-CFD2-F49073E3B9EF}.Debug|Any CPU.Build.0 = Debug|Any CPU
		{9605B4B8-0A34-BDE4-CFD2-F49073E3B9EF}.Release|Any CPU.ActiveCfg = Release|Any CPU
		{9605B4B8-0A34-BDE4-CFD2-F49073E3B9EF}.Release|Any CPU.Build.0 = Release|Any CPU
		{766DC129-B7E6-6BE5-67FF-02794A6C9D6A}.Debug|Any CPU.ActiveCfg = Debug|Any CPU
		{766DC129-B7E6-6BE5-67FF-02794A6C9D6A}.Debug|Any CPU.Build.0 = Debug|Any CPU
		{766DC129-B7E6-6BE5-67FF-02794A6C9D6A}.Release|Any CPU.ActiveCfg = Release|Any CPU
		{766DC129-B7E6-6BE5-67FF-02794A6C9D6A}.Release|Any CPU.Build.0 = Release|Any CPU
		{FAB1CBE0-9419-4AC0-95FB-E36298493256}.Debug|Any CPU.ActiveCfg = Debug|Any CPU
		{FAB1CBE0-9419-4AC0-95FB-E36298493256}.Debug|Any CPU.Build.0 = Debug|Any CPU
		{FAB1CBE0-9419-4AC0-95FB-E36298493256}.Release|Any CPU.ActiveCfg = Release|Any CPU
		{FAB1CBE0-9419-4AC0-95FB-E36298493256}.Release|Any CPU.Build.0 = Release|Any CPU
	EndGlobalSection
	GlobalSection(SolutionProperties) = preSolution
		HideSolutionNode = FALSE
	EndGlobalSection
	GlobalSection(NestedProjects) = preSolution
		{83B0E0B6-F1FC-4F15-B7CC-CD9DA8BC950A} = {DDB4EF12-CC4E-5E88-E6FC-71A802F4DE97}
		{D0F00D84-AD20-C5D6-67FE-85D6CB59A7CE} = {DDB4EF12-CC4E-5E88-E6FC-71A802F4DE97}
		{EB11C1AF-3BBE-9D8B-B13B-CEF382F22312} = {DDB4EF12-CC4E-5E88-E6FC-71A802F4DE97}
		{E35E02E1-5448-45C5-BBD0-031FABC3C5F0} = {55D3F2BA-009A-4526-B651-DA33DC35FB9C}
		{CD1B581B-DE8E-41D8-8490-3DBC065A3F06} = {E35E02E1-5448-45C5-BBD0-031FABC3C5F0}
		{56B13457-A491-4840-8EE8-19D800C28B96} = {3142795D-93F9-4F62-A67B-09E93F9343F7}
		{D3E46EAD-8174-41E7-919E-55FAE62025ED} = {56B13457-A491-4840-8EE8-19D800C28B96}
		{6A38DD80-BBD1-44E0-98CE-FCA1D364A620} = {55D3F2BA-009A-4526-B651-DA33DC35FB9C}
		{12B7E09E-9475-E8B4-3992-D8EDE30920DA} = {6A38DD80-BBD1-44E0-98CE-FCA1D364A620}
		{223A2247-DDEB-4D9C-904D-4ADA5D3AE003} = {55D3F2BA-009A-4526-B651-DA33DC35FB9C}
		{FAE68091-C5ED-46A7-B30C-0FF81556BC9A} = {223A2247-DDEB-4D9C-904D-4ADA5D3AE003}
		{D2E67FC8-2BB9-4AA5-8A1E-CB0E992E3A00} = {223A2247-DDEB-4D9C-904D-4ADA5D3AE003}
		{DF08EF6B-5CCC-4EE4-AF9C-7230FAA93FDA} = {80850FC6-4B2F-4ED8-8606-DE930F6B90F0}
		{87FC89AA-5DBB-4B4D-8128-16959C64F4F9} = {DF08EF6B-5CCC-4EE4-AF9C-7230FAA93FDA}
		{B9F86476-B001-4FC4-A867-072A36C8A315} = {80850FC6-4B2F-4ED8-8606-DE930F6B90F0}
		{593D473D-6DC2-66C1-6204-0F54E4617145} = {DF08EF6B-5CCC-4EE4-AF9C-7230FAA93FDA}
		{AFFF67E9-7AD0-9E21-612E-3E7843A6226A} = {B9F86476-B001-4FC4-A867-072A36C8A315}
		{9661600F-9E2E-EC39-AFA2-64DBC15CE967} = {B9F86476-B001-4FC4-A867-072A36C8A315}
		{CFB9A9B9-8EE4-42D5-8DA0-510E4AF9FC66} = {3142795D-93F9-4F62-A67B-09E93F9343F7}
		{CB400BD4-078E-471B-B2F6-624CA4E06612} = {CFB9A9B9-8EE4-42D5-8DA0-510E4AF9FC66}
		{718031B1-AE3B-4FA1-9F45-46E42E39E7FE} = {3142795D-93F9-4F62-A67B-09E93F9343F7}
		{BFC19A1C-F21A-44DE-9C3E-FB622F7AE179} = {718031B1-AE3B-4FA1-9F45-46E42E39E7FE}
		{C1D63E63-E64B-FCB7-4276-5EBCB0FEC291} = {718031B1-AE3B-4FA1-9F45-46E42E39E7FE}
		{C744D568-8491-4CE5-A456-C3178720524C} = {3B13D0F0-A769-4AF2-B03A-29D3F03D11BE}
		{D9C13AC3-BD16-4B23-B3F8-9B368903BD55} = {C744D568-8491-4CE5-A456-C3178720524C}
		{423BB805-C294-473C-B858-67A183925F64} = {3B13D0F0-A769-4AF2-B03A-29D3F03D11BE}
		{569C3E5C-4A67-4C3A-888C-47DE37ADA30F} = {423BB805-C294-473C-B858-67A183925F64}
		{154B7CA0-EFD7-40E3-810A-1A961683E6AA} = {3B13D0F0-A769-4AF2-B03A-29D3F03D11BE}
		{05FC1B65-A07A-4BD4-A102-4FB87D592D66} = {154B7CA0-EFD7-40E3-810A-1A961683E6AA}
		{A3ACA33D-6226-7668-2993-2FC9EA8C783B} = {154B7CA0-EFD7-40E3-810A-1A961683E6AA}
		{40815790-350E-42F9-B751-BCEE49578235} = {154B7CA0-EFD7-40E3-810A-1A961683E6AA}
		{6ADB0B71-619C-4788-8D7D-E62DEA5EC46E} = {3F560BA1-F59A-49DC-B854-E5780122F92F}
		{5F5283DA-774A-489E-841E-61B5D2F42FC0} = {6ADB0B71-619C-4788-8D7D-E62DEA5EC46E}
		{30D10ED0-0320-4896-8031-88ED5BAE8DC5} = {3F560BA1-F59A-49DC-B854-E5780122F92F}
		{B5025803-550F-2718-0B4A-39867A675BF8} = {30D10ED0-0320-4896-8031-88ED5BAE8DC5}
		{9605B4B8-0A34-BDE4-CFD2-F49073E3B9EF} = {30D10ED0-0320-4896-8031-88ED5BAE8DC5}
		{766DC129-B7E6-6BE5-67FF-02794A6C9D6A} = {30D10ED0-0320-4896-8031-88ED5BAE8DC5}
		{DC542D5B-1996-470E-8E3F-5F4ACEA07AFD} = {3F560BA1-F59A-49DC-B854-E5780122F92F}
		{FAB1CBE0-9419-4AC0-95FB-E36298493256} = {DC542D5B-1996-470E-8E3F-5F4ACEA07AFD}
	EndGlobalSection
	GlobalSection(ExtensibilityGlobals) = postSolution
		SolutionGuid = {903D2D6F-C61E-4974-9946-3F19847E1CDF}
	EndGlobalSection
EndGlobal
