
Microsoft Visual Studio Solution File, Format Version 12.00
# Visual Studio Version 17
VisualStudioVersion = 17.14.36623.8 d17.14
MinimumVisualStudioVersion = 10.0.40219.1
Project("{FAE04EC0-301F-11D3-BF4B-00C04F79EFBC}") = "sample0415", "sample0415\sample0415.csproj", "{085808C0-14C3-4BDD-9E89-F0D8F5489108}"
EndProject
Global
	GlobalSection(SolutionConfigurationPlatforms) = preSolution
		Debug|Any CPU = Debug|Any CPU
		Release|Any CPU = Release|Any CPU
	EndGlobalSection
	GlobalSection(ProjectConfigurationPlatforms) = postSolution
		{085808C0-14C3-4BDD-9E89-F0D8F5489108}.Debug|Any CPU.ActiveCfg = Debug|Any CPU
		{085808C0-14C3-4BDD-9E89-F0D8F5489108}.Debug|Any CPU.Build.0 = Debug|Any CPU
		{085808C0-14C3-4BDD-9E89-F0D8F5489108}.Release|Any CPU.ActiveCfg = Release|Any CPU
		{085808C0-14C3-4BDD-9E89-F0D8F5489108}.Release|Any CPU.Build.0 = Release|Any CPU
	EndGlobalSection
	GlobalSection(SolutionProperties) = preSolution
		HideSolutionNode = FALSE
	EndGlobalSection
	GlobalSection(ExtensibilityGlobals) = postSolution
		SolutionGuid = {0D3A4FBB-1D9F-4BE0-82C8-7F3AD49E3A09}
	EndGlobalSection
EndGlobal
