
Microsoft Visual Studio Solution File, Format Version 12.00
# Visual Studio Version 17
VisualStudioVersion = 17.14.36623.8 d17.14
MinimumVisualStudioVersion = 10.0.40219.1
Project("{FAE04EC0-301F-11D3-BF4B-00C04F79EFBC}") = "Sample0413", "Sample0413\Sample0413.csproj", "{F2515374-47A8-454D-B816-B63BB67A0AD5}"
EndProject
Global
	GlobalSection(SolutionConfigurationPlatforms) = preSolution
		Debug|Any CPU = Debug|Any CPU
		Release|Any CPU = Release|Any CPU
	EndGlobalSection
	GlobalSection(ProjectConfigurationPlatforms) = postSolution
		{F2515374-47A8-454D-B816-B63BB67A0AD5}.Debug|Any CPU.ActiveCfg = Debug|Any CPU
		{F2515374-47A8-454D-B816-B63BB67A0AD5}.Debug|Any CPU.Build.0 = Debug|Any CPU
		{F2515374-47A8-454D-B816-B63BB67A0AD5}.Release|Any CPU.ActiveCfg = Release|Any CPU
		{F2515374-47A8-454D-B816-B63BB67A0AD5}.Release|Any CPU.Build.0 = Release|Any CPU
	EndGlobalSection
	GlobalSection(SolutionProperties) = preSolution
		HideSolutionNode = FALSE
	EndGlobalSection
	GlobalSection(ExtensibilityGlobals) = postSolution
		SolutionGuid = {8BD1D84C-4D78-4FCA-823A-8A477BDE7CB9}
	EndGlobalSection
EndGlobal
